
Microsoft Visual Studio Solution File, Format Version 12.00
# Visual Studio 15
VisualStudioVersion = 15.0.28307.329
MinimumVisualStudioVersion = 10.0.40219.1
Project("{9A19103F-16F7-4668-BE54-9A1E7A4F7556}") = "DataAccessLayer", "DataAccessLayer\DataAccessLayer.csproj", "{736BD5A6-5B33-4896-8529-EE38D60DCC0D}"
EndProject
Project("{9A19103F-16F7-4668-BE54-9A1E7A4F7556}") = "Bootstrap", "Bootstrap\Bootstrap.csproj", "{4AC07470-4208-4F4C-88BD-083369D8DA35}"
EndProject
Project("{9A19103F-16F7-4668-BE54-9A1E7A4F7556}") = "GalleryAPI", "GalleryAPI\GalleryAPI.csproj", "{EF3C8BE2-F162-42FF-A8B2-DC809BF704CA}"
EndProject
Global
	GlobalSection(SolutionConfigurationPlatforms) = preSolution
		Debug|Any CPU = Debug|Any CPU
		Release|Any CPU = Release|Any CPU
	EndGlobalSection
	GlobalSection(ProjectConfigurationPlatforms) = postSolution
		{736BD5A6-5B33-4896-8529-EE38D60DCC0D}.Debug|Any CPU.ActiveCfg = Debug|Any CPU
		{736BD5A6-5B33-4896-8529-EE38D60DCC0D}.Debug|Any CPU.Build.0 = Debug|Any CPU
		{736BD5A6-5B33-4896-8529-EE38D60DCC0D}.Release|Any CPU.ActiveCfg = Release|Any CPU
		{736BD5A6-5B33-4896-8529-EE38D60DCC0D}.Release|Any CPU.Build.0 = Release|Any CPU
		{4AC07470-4208-4F4C-88BD-083369D8DA35}.Debug|Any CPU.ActiveCfg = Debug|Any CPU
		{4AC07470-4208-4F4C-88BD-083369D8DA35}.Debug|Any CPU.Build.0 = Debug|Any CPU
		{4AC07470-4208-4F4C-88BD-083369D8DA35}.Release|Any CPU.ActiveCfg = Release|Any CPU
		{4AC07470-4208-4F4C-88BD-083369D8DA35}.Release|Any CPU.Build.0 = Release|Any CPU
		{EF3C8BE2-F162-42FF-A8B2-DC809BF704CA}.Debug|Any CPU.ActiveCfg = Debug|Any CPU
		{EF3C8BE2-F162-42FF-A8B2-DC809BF704CA}.Debug|Any CPU.Build.0 = Debug|Any CPU
		{EF3C8BE2-F162-42FF-A8B2-DC809BF704CA}.Release|Any CPU.ActiveCfg = Release|Any CPU
		{EF3C8BE2-F162-42FF-A8B2-DC809BF704CA}.Release|Any CPU.Build.0 = Release|Any CPU
	EndGlobalSection
	GlobalSection(SolutionProperties) = preSolution
		HideSolutionNode = FALSE
	EndGlobalSection
	GlobalSection(ExtensibilityGlobals) = postSolution
		SolutionGuid = {BF001558-FD18-44A6-BD37-9B285942A340}
	EndGlobalSection
EndGlobal
