
Microsoft Visual Studio Solution File, Format Version 12.00
# Visual Studio 15
VisualStudioVersion = 15.0.28307.329
MinimumVisualStudioVersion = 10.0.40219.1
Project("{9A19103F-16F7-4668-BE54-9A1E7A4F7556}") = "DataAccessLayer", "DataAccessLayer\DataAccessLayer.csproj", "{736BD5A6-5B33-4896-8529-EE38D60DCC0D}"
EndProject
Project("{9A19103F-16F7-4668-BE54-9A1E7A4F7556}") = "GalleryAPI", "GalleryAPI\GalleryAPI.csproj", "{EF3C8BE2-F162-42FF-A8B2-DC809BF704CA}"
EndProject
Project("{9A19103F-16F7-4668-BE54-9A1E7A4F7556}") = "BusinessLayer", "BusinessLayer\BusinessLayer.csproj", "{4E291219-E851-4775-84E9-36DC5C561901}"
EndProject
Project("{9A19103F-16F7-4668-BE54-9A1E7A4F7556}") = "GalleryMoqDataTest", "GalleryDataTest\GalleryMoqDataTest.csproj", "{F22EA27A-ADEE-49F1-8A4C-A801C912D86A}"
EndProject
Project("{9A19103F-16F7-4668-BE54-9A1E7A4F7556}") = "GalleryRESTWebService", "GalleryRESTWebService\GalleryRESTWebService.csproj", "{3C29F979-E1DB-4134-B3DA-4C201D57EA51}"
EndProject
Project("{FAE04EC0-301F-11D3-BF4B-00C04F79EFBC}") = "GalleryWebAPITest", "GelleryWebAPITest\GalleryWebAPITest.csproj", "{E39AA5F6-A343-41C0-81E1-D7168AF202B2}"
EndProject
Global
	GlobalSection(SolutionConfigurationPlatforms) = preSolution
		Debug|Any CPU = Debug|Any CPU
		Release|Any CPU = Release|Any CPU
	EndGlobalSection
	GlobalSection(ProjectConfigurationPlatforms) = postSolution
		{736BD5A6-5B33-4896-8529-EE38D60DCC0D}.Debug|Any CPU.ActiveCfg = Debug|Any CPU
		{736BD5A6-5B33-4896-8529-EE38D60DCC0D}.Debug|Any CPU.Build.0 = Debug|Any CPU
		{736BD5A6-5B33-4896-8529-EE38D60DCC0D}.Release|Any CPU.ActiveCfg = Release|Any CPU
		{736BD5A6-5B33-4896-8529-EE38D60DCC0D}.Release|Any CPU.Build.0 = Release|Any CPU
		{EF3C8BE2-F162-42FF-A8B2-DC809BF704CA}.Debug|Any CPU.ActiveCfg = Debug|Any CPU
		{EF3C8BE2-F162-42FF-A8B2-DC809BF704CA}.Debug|Any CPU.Build.0 = Debug|Any CPU
		{EF3C8BE2-F162-42FF-A8B2-DC809BF704CA}.Release|Any CPU.ActiveCfg = Release|Any CPU
		{EF3C8BE2-F162-42FF-A8B2-DC809BF704CA}.Release|Any CPU.Build.0 = Release|Any CPU
		{4E291219-E851-4775-84E9-36DC5C561901}.Debug|Any CPU.ActiveCfg = Debug|Any CPU
		{4E291219-E851-4775-84E9-36DC5C561901}.Debug|Any CPU.Build.0 = Debug|Any CPU
		{4E291219-E851-4775-84E9-36DC5C561901}.Release|Any CPU.ActiveCfg = Release|Any CPU
		{4E291219-E851-4775-84E9-36DC5C561901}.Release|Any CPU.Build.0 = Release|Any CPU
		{F22EA27A-ADEE-49F1-8A4C-A801C912D86A}.Debug|Any CPU.ActiveCfg = Debug|Any CPU
		{F22EA27A-ADEE-49F1-8A4C-A801C912D86A}.Debug|Any CPU.Build.0 = Debug|Any CPU
		{F22EA27A-ADEE-49F1-8A4C-A801C912D86A}.Release|Any CPU.ActiveCfg = Release|Any CPU
		{F22EA27A-ADEE-49F1-8A4C-A801C912D86A}.Release|Any CPU.Build.0 = Release|Any CPU
		{3C29F979-E1DB-4134-B3DA-4C201D57EA51}.Debug|Any CPU.ActiveCfg = Debug|Any CPU
		{3C29F979-E1DB-4134-B3DA-4C201D57EA51}.Debug|Any CPU.Build.0 = Debug|Any CPU
		{3C29F979-E1DB-4134-B3DA-4C201D57EA51}.Release|Any CPU.ActiveCfg = Release|Any CPU
		{3C29F979-E1DB-4134-B3DA-4C201D57EA51}.Release|Any CPU.Build.0 = Release|Any CPU
		{E39AA5F6-A343-41C0-81E1-D7168AF202B2}.Debug|Any CPU.ActiveCfg = Debug|Any CPU
		{E39AA5F6-A343-41C0-81E1-D7168AF202B2}.Debug|Any CPU.Build.0 = Debug|Any CPU
		{E39AA5F6-A343-41C0-81E1-D7168AF202B2}.Release|Any CPU.ActiveCfg = Release|Any CPU
		{E39AA5F6-A343-41C0-81E1-D7168AF202B2}.Release|Any CPU.Build.0 = Release|Any CPU
	EndGlobalSection
	GlobalSection(SolutionProperties) = preSolution
		HideSolutionNode = FALSE
	EndGlobalSection
	GlobalSection(ExtensibilityGlobals) = postSolution
		SolutionGuid = {BF001558-FD18-44A6-BD37-9B285942A340}
	EndGlobalSection
EndGlobal
